
Microsoft Visual Studio Solution File, Format Version 12.00
# Visual Studio Version 17
VisualStudioVersion = 17.6.33829.357
MinimumVisualStudioVersion = 10.0.40219.1
Project("{FAE04EC0-301F-11D3-BF4B-00C04F79EFBC}") = "WinFormsAnket", "WinFormsAnket\WinFormsAnket.csproj", "{32060533-F6AC-481A-BF56-C14FAFF0076E}"
EndProject
Global
	GlobalSection(SolutionConfigurationPlatforms) = preSolution
		Debug|Any CPU = Debug|Any CPU
		Release|Any CPU = Release|Any CPU
	EndGlobalSection
	GlobalSection(ProjectConfigurationPlatforms) = postSolution
		{32060533-F6AC-481A-BF56-C14FAFF0076E}.Debug|Any CPU.ActiveCfg = Debug|Any CPU
		{32060533-F6AC-481A-BF56-C14FAFF0076E}.Debug|Any CPU.Build.0 = Debug|Any CPU
		{32060533-F6AC-481A-BF56-C14FAFF0076E}.Release|Any CPU.ActiveCfg = Release|Any CPU
		{32060533-F6AC-481A-BF56-C14FAFF0076E}.Release|Any CPU.Build.0 = Release|Any CPU
	EndGlobalSection
	GlobalSection(SolutionProperties) = preSolution
		HideSolutionNode = FALSE
	EndGlobalSection
	GlobalSection(ExtensibilityGlobals) = postSolution
		SolutionGuid = {A97EE1C9-D69E-45E1-97A0-A5E99A7AD867}
	EndGlobalSection
EndGlobal
